
Microsoft Visual Studio Solution File, Format Version 12.00
# Visual Studio 15
VisualStudioVersion = 15.0.27004.2009
MinimumVisualStudioVersion = 10.0.40219.1
Project("{9A19103F-16F7-4668-BE54-9A1E7A4F7556}") = "ASPNETCORE", "ASPNETCORE\ASPNETCORE.csproj", "{00803DF0-D2C4-49CB-A8E5-B943385F17F4}"
	ProjectSection(ProjectDependencies) = postProject
		{DDA80DEB-1325-4BD1-9149-DB57ED1CA822} = {DDA80DEB-1325-4BD1-9149-DB57ED1CA822}
	EndProjectSection
EndProject
Project("{9A19103F-16F7-4668-BE54-9A1E7A4F7556}") = "Core", "Core\Core.csproj", "{DDA80DEB-1325-4BD1-9149-DB57ED1CA822}"
EndProject
Global
	GlobalSection(SolutionConfigurationPlatforms) = preSolution
		Debug|Any CPU = Debug|Any CPU
		Release|Any CPU = Release|Any CPU
	EndGlobalSection
	GlobalSection(ProjectConfigurationPlatforms) = postSolution
		{00803DF0-D2C4-49CB-A8E5-B943385F17F4}.Debug|Any CPU.ActiveCfg = Debug|Any CPU
		{00803DF0-D2C4-49CB-A8E5-B943385F17F4}.Debug|Any CPU.Build.0 = Debug|Any CPU
		{00803DF0-D2C4-49CB-A8E5-B943385F17F4}.Release|Any CPU.ActiveCfg = Release|Any CPU
		{00803DF0-D2C4-49CB-A8E5-B943385F17F4}.Release|Any CPU.Build.0 = Release|Any CPU
		{DDA80DEB-1325-4BD1-9149-DB57ED1CA822}.Debug|Any CPU.ActiveCfg = Debug|Any CPU
		{DDA80DEB-1325-4BD1-9149-DB57ED1CA822}.Debug|Any CPU.Build.0 = Debug|Any CPU
		{DDA80DEB-1325-4BD1-9149-DB57ED1CA822}.Release|Any CPU.ActiveCfg = Release|Any CPU
		{DDA80DEB-1325-4BD1-9149-DB57ED1CA822}.Release|Any CPU.Build.0 = Release|Any CPU
	EndGlobalSection
	GlobalSection(SolutionProperties) = preSolution
		HideSolutionNode = FALSE
	EndGlobalSection
	GlobalSection(ExtensibilityGlobals) = postSolution
		SolutionGuid = {A5F861FA-8F51-4F9B-A775-DE8461086C3E}
	EndGlobalSection
EndGlobal
